
Microsoft Visual Studio Solution File, Format Version 12.00
# Visual Studio Version 17
VisualStudioVersion = 17.9.34723.18
MinimumVisualStudioVersion = 10.0.40219.1
Project("{8BC9CEB8-8B4A-11D0-8D11-00A0C91BC942}") = "game", "game.vcxproj", "{8635EB59-9741-476D-B0D3-6862C091B624}"
EndProject
Global
	GlobalSection(SolutionConfigurationPlatforms) = preSolution
		Debug|x64 = Debug|x64
		Release|x64 = Release|x64
	EndGlobalSection
	GlobalSection(ProjectConfigurationPlatforms) = postSolution
		{8635EB59-9741-476D-B0D3-6862C091B624}.Debug|x64.ActiveCfg = Debug|x64
		{8635EB59-9741-476D-B0D3-6862C091B624}.Debug|x64.Build.0 = Debug|x64
		{8635EB59-9741-476D-B0D3-6862C091B624}.Release|x64.ActiveCfg = Release|x64
		{8635EB59-9741-476D-B0D3-6862C091B624}.Release|x64.Build.0 = Release|x64
	EndGlobalSection
	GlobalSection(SolutionProperties) = preSolution
		HideSolutionNode = FALSE
	EndGlobalSection
	GlobalSection(ExtensibilityGlobals) = postSolution
		SolutionGuid = {F382358E-1D0B-425F-9C6E-4BE5ADF5328A}
	EndGlobalSection
EndGlobal
